
Microsoft Visual Studio Solution File, Format Version 12.00
# Visual Studio 15
VisualStudioVersion = 15.0.27004.2005
MinimumVisualStudioVersion = 10.0.40219.1
Project("{FAE04EC0-301F-11D3-BF4B-00C04F79EFBC}") = "Raefftec.CatchEmAll", "Raefftec.CatchEmAll\Raefftec.CatchEmAll.csproj", "{06407267-9675-4894-B235-140AB894A5B1}"
EndProject
Global
	GlobalSection(SolutionConfigurationPlatforms) = preSolution
		Debug|Any CPU = Debug|Any CPU
		Release|Any CPU = Release|Any CPU
	EndGlobalSection
	GlobalSection(ProjectConfigurationPlatforms) = postSolution
		{06407267-9675-4894-B235-140AB894A5B1}.Debug|Any CPU.ActiveCfg = Debug|Any CPU
		{06407267-9675-4894-B235-140AB894A5B1}.Debug|Any CPU.Build.0 = Debug|Any CPU
		{06407267-9675-4894-B235-140AB894A5B1}.Release|Any CPU.ActiveCfg = Release|Any CPU
		{06407267-9675-4894-B235-140AB894A5B1}.Release|Any CPU.Build.0 = Release|Any CPU
	EndGlobalSection
	GlobalSection(SolutionProperties) = preSolution
		HideSolutionNode = FALSE
	EndGlobalSection
	GlobalSection(ExtensibilityGlobals) = postSolution
		SolutionGuid = {A07A88DB-F945-4660-A152-6FB6DCBD43CD}
	EndGlobalSection
EndGlobal
