
Microsoft Visual Studio Solution File, Format Version 12.00
# Visual Studio 15
VisualStudioVersion = 15.0.27004.2005
MinimumVisualStudioVersion = 10.0.40219.1
Project("{9A19103F-16F7-4668-BE54-9A1E7A4F7556}") = "Raefftec.CatchEmAll", "Raefftec.CatchEmAll\Raefftec.CatchEmAll.csproj", "{06407267-9675-4894-B235-140AB894A5B1}"
EndProject
Project("{9A19103F-16F7-4668-BE54-9A1E7A4F7556}") = "Raefftec.CatchEmAll.DAL", "Raefftec.CatchEmAll.DAL\Raefftec.CatchEmAll.DAL.csproj", "{984240D4-9612-4DF5-8CB7-6D4297E43197}"
EndProject
Project("{FAE04EC0-301F-11D3-BF4B-00C04F79EFBC}") = "Reafftec.CatchEmAll.WebJobs", "Reafftec.CatchEmAll.WebJobs\Reafftec.CatchEmAll.WebJobs.csproj", "{9BDDEFD0-1E26-4A7C-A263-1195DDBB6343}"
EndProject
Global
	GlobalSection(SolutionConfigurationPlatforms) = preSolution
		Debug|Any CPU = Debug|Any CPU
		Release|Any CPU = Release|Any CPU
	EndGlobalSection
	GlobalSection(ProjectConfigurationPlatforms) = postSolution
		{06407267-9675-4894-B235-140AB894A5B1}.Debug|Any CPU.ActiveCfg = Debug|Any CPU
		{06407267-9675-4894-B235-140AB894A5B1}.Debug|Any CPU.Build.0 = Debug|Any CPU
		{06407267-9675-4894-B235-140AB894A5B1}.Release|Any CPU.ActiveCfg = Release|Any CPU
		{06407267-9675-4894-B235-140AB894A5B1}.Release|Any CPU.Build.0 = Release|Any CPU
		{984240D4-9612-4DF5-8CB7-6D4297E43197}.Debug|Any CPU.ActiveCfg = Debug|Any CPU
		{984240D4-9612-4DF5-8CB7-6D4297E43197}.Debug|Any CPU.Build.0 = Debug|Any CPU
		{984240D4-9612-4DF5-8CB7-6D4297E43197}.Release|Any CPU.ActiveCfg = Release|Any CPU
		{984240D4-9612-4DF5-8CB7-6D4297E43197}.Release|Any CPU.Build.0 = Release|Any CPU
		{9BDDEFD0-1E26-4A7C-A263-1195DDBB6343}.Debug|Any CPU.ActiveCfg = Debug|Any CPU
		{9BDDEFD0-1E26-4A7C-A263-1195DDBB6343}.Debug|Any CPU.Build.0 = Debug|Any CPU
		{9BDDEFD0-1E26-4A7C-A263-1195DDBB6343}.Release|Any CPU.ActiveCfg = Release|Any CPU
		{9BDDEFD0-1E26-4A7C-A263-1195DDBB6343}.Release|Any CPU.Build.0 = Release|Any CPU
	EndGlobalSection
	GlobalSection(SolutionProperties) = preSolution
		HideSolutionNode = FALSE
	EndGlobalSection
	GlobalSection(ExtensibilityGlobals) = postSolution
		SolutionGuid = {A07A88DB-F945-4660-A152-6FB6DCBD43CD}
	EndGlobalSection
EndGlobal
